github.com/go-restit/lzjson v0.0.0-20161206095556-efe3c53acc68 h1:QR2R74UbwMtnEVGVvNfcx6mQmWGgN8abQeXOy92pQIo=
github.com/go-restit/lzjson v0.0.0-20161206095556-efe3c53acc68/go.mod h1:7vXSKQt83WmbPeyVjCfNT9YDJ5BUFmcwFsEjI9SCvYM=
github.com/gorilla/mux v1.8.1 h1:TuBL49tXwgrFYWhqrNgrUNEY92u81SPhu7sTdzQEiWY=
github.com/gorilla/mux v1.8.1/go.mod h1:AKf9I4AEqPTmMytcMc0KkNouC66V3BtZ4qD5fmWSiMQ=
golang.org/x/net v0.23.0 h1:7EYJ93RZ9vYSZAIb2x3lnuvqO5zneoD6IvWjuhfxjTs=
golang.org/x/net v0.23.0/go.mod h1:JKghWKKOSdJwpW2GEx0Ja7fmaKnMsbu+MWVZTokSYmg=
